// !$*UTF8*$!
{
	archiveVersion = 1;
	classes = {
	};
	objectVersion = 46;
	objects = {

/* Begin PBXBuildFile section */
		CF0843601E13A47300C1F3A7 /* CountriesLandscapeViewCell.swift in Sources */ = {isa = PBXBuildFile; fileRef = CF08435E1E13A47300C1F3A7 /* CountriesLandscapeViewCell.swift */; };
		CF0843611E13A47300C1F3A7 /* CountriesLandscapeViewCell.xib in Resources */ = {isa = PBXBuildFile; fileRef = CF08435F1E13A47300C1F3A7 /* CountriesLandscapeViewCell.xib */; };
		CF0843641E13A51C00C1F3A7 /* CountryDetailViewController.swift in Sources */ = {isa = PBXBuildFile; fileRef = CF0843621E13A51C00C1F3A7 /* CountryDetailViewController.swift */; };
		CF0843651E13A51C00C1F3A7 /* CountryDetailViewController.xib in Resources */ = {isa = PBXBuildFile; fileRef = CF0843631E13A51C00C1F3A7 /* CountryDetailViewController.xib */; };
		CF0843671E13A54300C1F3A7 /* CountryDetailView.swift in Sources */ = {isa = PBXBuildFile; fileRef = CF0843661E13A54300C1F3A7 /* CountryDetailView.swift */; };
		CF49AB771E0D7009006A6496 /* AppDelegate.swift in Sources */ = {isa = PBXBuildFile; fileRef = CF49AB761E0D7009006A6496 /* AppDelegate.swift */; };
		CF49AB7F1E0D7009006A6496 /* Countries.xcdatamodeld in Sources */ = {isa = PBXBuildFile; fileRef = CF49AB7D1E0D7009006A6496 /* Countries.xcdatamodeld */; };
		CF49AB811E0D7009006A6496 /* Assets.xcassets in Resources */ = {isa = PBXBuildFile; fileRef = CF49AB801E0D7009006A6496 /* Assets.xcassets */; };
		CF49AB841E0D7009006A6496 /* LaunchScreen.storyboard in Resources */ = {isa = PBXBuildFile; fileRef = CF49AB821E0D7009006A6496 /* LaunchScreen.storyboard */; };
		CF49AB9E1E0D7220006A6496 /* CountriesView.swift in Sources */ = {isa = PBXBuildFile; fileRef = CF49AB981E0D7220006A6496 /* CountriesView.swift */; };
		CF49ABA11E0D7220006A6496 /* CountriesViewController.swift in Sources */ = {isa = PBXBuildFile; fileRef = CF49AB9C1E0D7220006A6496 /* CountriesViewController.swift */; };
		CF49ABA21E0D7220006A6496 /* CountriesViewController.xib in Resources */ = {isa = PBXBuildFile; fileRef = CF49AB9D1E0D7220006A6496 /* CountriesViewController.xib */; };
		CF49ABAB1E0D73EF006A6496 /* Country+CoreDataClass.swift in Sources */ = {isa = PBXBuildFile; fileRef = CF49ABA91E0D73EF006A6496 /* Country+CoreDataClass.swift */; };
		CF49ABAC1E0D73EF006A6496 /* Country+CoreDataProperties.swift in Sources */ = {isa = PBXBuildFile; fileRef = CF49ABAA1E0D73EF006A6496 /* Country+CoreDataProperties.swift */; };
		CF49ABAF1E0D7647006A6496 /* AlertViewController.swift in Sources */ = {isa = PBXBuildFile; fileRef = CF49ABAD1E0D7647006A6496 /* AlertViewController.swift */; };
		CF49ABB01E0D7647006A6496 /* ViewControllerRootView.swift in Sources */ = {isa = PBXBuildFile; fileRef = CF49ABAE1E0D7647006A6496 /* ViewControllerRootView.swift */; };
		CF49ABB31E0D76F8006A6496 /* NetworkModel.swift in Sources */ = {isa = PBXBuildFile; fileRef = CF49ABB21E0D76F8006A6496 /* NetworkModel.swift */; };
		CF49ABB91E0D7D38006A6496 /* ParsingModel.swift in Sources */ = {isa = PBXBuildFile; fileRef = CF49ABB81E0D7D38006A6496 /* ParsingModel.swift */; };
		CF851EA51E110B680015850E /* DatabaseController.swift in Sources */ = {isa = PBXBuildFile; fileRef = CF851EA41E110B680015850E /* DatabaseController.swift */; };
		CFBC79071E12706D007C7060 /* CountriesPortraitViewCell.swift in Sources */ = {isa = PBXBuildFile; fileRef = CFBC79051E12706D007C7060 /* CountriesPortraitViewCell.swift */; };
		CFBC79081E12706D007C7060 /* CountriesPortraitViewCell.xib in Resources */ = {isa = PBXBuildFile; fileRef = CFBC79061E12706D007C7060 /* CountriesPortraitViewCell.xib */; };
		CFBC79121E128214007C7060 /* Formatter.swift in Sources */ = {isa = PBXBuildFile; fileRef = CFBC79111E128214007C7060 /* Formatter.swift */; };
/* End PBXBuildFile section */

/* Begin PBXFileReference section */
		CF08435E1E13A47300C1F3A7 /* CountriesLandscapeViewCell.swift */ = {isa = PBXFileReference; fileEncoding = 4; lastKnownFileType = sourcecode.swift; path = CountriesLandscapeViewCell.swift; sourceTree = "<group>"; };
		CF08435F1E13A47300C1F3A7 /* CountriesLandscapeViewCell.xib */ = {isa = PBXFileReference; fileEncoding = 4; lastKnownFileType = file.xib; path = CountriesLandscapeViewCell.xib; sourceTree = "<group>"; };
		CF0843621E13A51C00C1F3A7 /* CountryDetailViewController.swift */ = {isa = PBXFileReference; fileEncoding = 4; lastKnownFileType = sourcecode.swift; path = CountryDetailViewController.swift; sourceTree = "<group>"; };
		CF0843631E13A51C00C1F3A7 /* CountryDetailViewController.xib */ = {isa = PBXFileReference; fileEncoding = 4; lastKnownFileType = file.xib; path = CountryDetailViewController.xib; sourceTree = "<group>"; };
		CF0843661E13A54300C1F3A7 /* CountryDetailView.swift */ = {isa = PBXFileReference; fileEncoding = 4; lastKnownFileType = sourcecode.swift; path = CountryDetailView.swift; sourceTree = "<group>"; };
		CF49AB731E0D7009006A6496 /* Countries.app */ = {isa = PBXFileReference; explicitFileType = wrapper.application; includeInIndex = 0; path = Countries.app; sourceTree = BUILT_PRODUCTS_DIR; };
		CF49AB761E0D7009006A6496 /* AppDelegate.swift */ = {isa = PBXFileReference; lastKnownFileType = sourcecode.swift; path = AppDelegate.swift; sourceTree = "<group>"; };
		CF49AB7E1E0D7009006A6496 /* Countries.xcdatamodel */ = {isa = PBXFileReference; lastKnownFileType = wrapper.xcdatamodel; path = Countries.xcdatamodel; sourceTree = "<group>"; };
		CF49AB801E0D7009006A6496 /* Assets.xcassets */ = {isa = PBXFileReference; lastKnownFileType = folder.assetcatalog; path = Assets.xcassets; sourceTree = "<group>"; };
		CF49AB831E0D7009006A6496 /* Base */ = {isa = PBXFileReference; lastKnownFileType = file.storyboard; name = Base; path = Base.lproj/LaunchScreen.storyboard; sourceTree = "<group>"; };
		CF49AB851E0D7009006A6496 /* Info.plist */ = {isa = PBXFileReference; lastKnownFileType = text.plist.xml; path = Info.plist; sourceTree = "<group>"; };
		CF49AB981E0D7220006A6496 /* CountriesView.swift */ = {isa = PBXFileReference; fileEncoding = 4; lastKnownFileType = sourcecode.swift; path = CountriesView.swift; sourceTree = "<group>"; };
		CF49AB9C1E0D7220006A6496 /* CountriesViewController.swift */ = {isa = PBXFileReference; fileEncoding = 4; lastKnownFileType = sourcecode.swift; path = CountriesViewController.swift; sourceTree = "<group>"; };
		CF49AB9D1E0D7220006A6496 /* CountriesViewController.xib */ = {isa = PBXFileReference; fileEncoding = 4; lastKnownFileType = file.xib; path = CountriesViewController.xib; sourceTree = "<group>"; };
		CF49ABA91E0D73EF006A6496 /* Country+CoreDataClass.swift */ = {isa = PBXFileReference; fileEncoding = 4; lastKnownFileType = sourcecode.swift; path = "Country+CoreDataClass.swift"; sourceTree = "<group>"; };
		CF49ABAA1E0D73EF006A6496 /* Country+CoreDataProperties.swift */ = {isa = PBXFileReference; fileEncoding = 4; lastKnownFileType = sourcecode.swift; path = "Country+CoreDataProperties.swift"; sourceTree = "<group>"; };
		CF49ABAD1E0D7647006A6496 /* AlertViewController.swift */ = {isa = PBXFileReference; fileEncoding = 4; lastKnownFileType = sourcecode.swift; path = AlertViewController.swift; sourceTree = "<group>"; };
		CF49ABAE1E0D7647006A6496 /* ViewControllerRootView.swift */ = {isa = PBXFileReference; fileEncoding = 4; lastKnownFileType = sourcecode.swift; path = ViewControllerRootView.swift; sourceTree = "<group>"; };
		CF49ABB21E0D76F8006A6496 /* NetworkModel.swift */ = {isa = PBXFileReference; fileEncoding = 4; lastKnownFileType = sourcecode.swift; path = NetworkModel.swift; sourceTree = "<group>"; };
		CF49ABB81E0D7D38006A6496 /* ParsingModel.swift */ = {isa = PBXFileReference; fileEncoding = 4; lastKnownFileType = sourcecode.swift; path = ParsingModel.swift; sourceTree = "<group>"; };
		CF851EA41E110B680015850E /* DatabaseController.swift */ = {isa = PBXFileReference; fileEncoding = 4; lastKnownFileType = sourcecode.swift; path = DatabaseController.swift; sourceTree = "<group>"; };
		CFBC79051E12706D007C7060 /* CountriesPortraitViewCell.swift */ = {isa = PBXFileReference; fileEncoding = 4; lastKnownFileType = sourcecode.swift; path = CountriesPortraitViewCell.swift; sourceTree = "<group>"; };
		CFBC79061E12706D007C7060 /* CountriesPortraitViewCell.xib */ = {isa = PBXFileReference; fileEncoding = 4; lastKnownFileType = file.xib; path = CountriesPortraitViewCell.xib; sourceTree = "<group>"; };
		CFBC79111E128214007C7060 /* Formatter.swift */ = {isa = PBXFileReference; fileEncoding = 4; lastKnownFileType = sourcecode.swift; path = Formatter.swift; sourceTree = "<group>"; };
/* End PBXFileReference section */

/* Begin PBXFrameworksBuildPhase section */
		CF49AB701E0D7009006A6496 /* Frameworks */ = {
			isa = PBXFrameworksBuildPhase;
			buildActionMask = 2147483647;
			files = (
			);
			runOnlyForDeploymentPostprocessing = 0;
		};
/* End PBXFrameworksBuildPhase section */

/* Begin PBXGroup section */
		CF08435B1E13A3E900C1F3A7 /* CountryDetailViewController */ = {
			isa = PBXGroup;
			children = (
				CF08435D1E13A47300C1F3A7 /* CountriesLandscapeViewCell */,
				CF08435C1E13A3F400C1F3A7 /* CountryDetailView */,
				CF0843621E13A51C00C1F3A7 /* CountryDetailViewController.swift */,
				CF0843631E13A51C00C1F3A7 /* CountryDetailViewController.xib */,
			);
			path = CountryDetailViewController;
			sourceTree = "<group>";
		};
		CF08435C1E13A3F400C1F3A7 /* CountryDetailView */ = {
			isa = PBXGroup;
			children = (
				CF0843661E13A54300C1F3A7 /* CountryDetailView.swift */,
			);
			path = CountryDetailView;
			sourceTree = "<group>";
		};
		CF08435D1E13A47300C1F3A7 /* CountriesLandscapeViewCell */ = {
			isa = PBXGroup;
			children = (
				CF08435E1E13A47300C1F3A7 /* CountriesLandscapeViewCell.swift */,
				CF08435F1E13A47300C1F3A7 /* CountriesLandscapeViewCell.xib */,
			);
			path = CountriesLandscapeViewCell;
			sourceTree = "<group>";
		};
		CF49AB6A1E0D7009006A6496 = {
			isa = PBXGroup;
			children = (
				CF49AB751E0D7009006A6496 /* Countries */,
				CF49AB921E0D71AD006A6496 /* Protocols */,
				CF49AB741E0D7009006A6496 /* Products */,
			);
			sourceTree = "<group>";
		};
		CF49AB741E0D7009006A6496 /* Products */ = {
			isa = PBXGroup;
			children = (
				CF49AB731E0D7009006A6496 /* Countries.app */,
			);
			name = Products;
			sourceTree = "<group>";
		};
		CF49AB751E0D7009006A6496 /* Countries */ = {
			isa = PBXGroup;
			children = (
				CF49ABA31E0D73C8006A6496 /* Models */,
				CF49AB8B1E0D7143006A6496 /* UI */,
				CF49AB761E0D7009006A6496 /* AppDelegate.swift */,
				CF49AB801E0D7009006A6496 /* Assets.xcassets */,
				CF49AB821E0D7009006A6496 /* LaunchScreen.storyboard */,
				CF49AB851E0D7009006A6496 /* Info.plist */,
				CF49AB7D1E0D7009006A6496 /* Countries.xcdatamodeld */,
			);
			path = Countries;
			sourceTree = "<group>";
		};
		CF49AB8B1E0D7143006A6496 /* UI */ = {
			isa = PBXGroup;
			children = (
				CF08435B1E13A3E900C1F3A7 /* CountryDetailViewController */,
				CF49AB8C1E0D7154006A6496 /* CountriesViewController */,
			);
			path = UI;
			sourceTree = "<group>";
		};
		CF49AB8C1E0D7154006A6496 /* CountriesViewController */ = {
			isa = PBXGroup;
			children = (
				CF49AB971E0D7220006A6496 /* CountriesView */,
				CFBC79041E12706D007C7060 /* CountriesPortraitViewCell */,
				CF49AB9C1E0D7220006A6496 /* CountriesViewController.swift */,
				CF49AB9D1E0D7220006A6496 /* CountriesViewController.xib */,
			);
			path = CountriesViewController;
			sourceTree = "<group>";
		};
		CF49AB921E0D71AD006A6496 /* Protocols */ = {
			isa = PBXGroup;
			children = (
				CF49ABAD1E0D7647006A6496 /* AlertViewController.swift */,
				CF49ABAE1E0D7647006A6496 /* ViewControllerRootView.swift */,
				CFBC79111E128214007C7060 /* Formatter.swift */,
			);
			path = Protocols;
			sourceTree = "<group>";
		};
		CF49AB971E0D7220006A6496 /* CountriesView */ = {
			isa = PBXGroup;
			children = (
				CF49AB981E0D7220006A6496 /* CountriesView.swift */,
			);
			path = CountriesView;
			sourceTree = "<group>";
		};
		CF49ABA31E0D73C8006A6496 /* Models */ = {
			isa = PBXGroup;
			children = (
				CF49ABB51E0D7D25006A6496 /* ParsingModel */,
				CF49ABB11E0D76EA006A6496 /* NetworkModel */,
				CF49ABA41E0D73D3006A6496 /* Country */,
			);
			path = Models;
			sourceTree = "<group>";
		};
		CF49ABA41E0D73D3006A6496 /* Country */ = {
			isa = PBXGroup;
			children = (
				CF49ABA91E0D73EF006A6496 /* Country+CoreDataClass.swift */,
				CF49ABAA1E0D73EF006A6496 /* Country+CoreDataProperties.swift */,
				CF851EA41E110B680015850E /* DatabaseController.swift */,
			);
			path = Country;
			sourceTree = "<group>";
		};
		CF49ABB11E0D76EA006A6496 /* NetworkModel */ = {
			isa = PBXGroup;
			children = (
				CF49ABB21E0D76F8006A6496 /* NetworkModel.swift */,
			);
			path = NetworkModel;
			sourceTree = "<group>";
		};
		CF49ABB51E0D7D25006A6496 /* ParsingModel */ = {
			isa = PBXGroup;
			children = (
				CF49ABB81E0D7D38006A6496 /* ParsingModel.swift */,
			);
			path = ParsingModel;
			sourceTree = "<group>";
		};
		CFBC79041E12706D007C7060 /* CountriesPortraitViewCell */ = {
			isa = PBXGroup;
			children = (
				CFBC79051E12706D007C7060 /* CountriesPortraitViewCell.swift */,
				CFBC79061E12706D007C7060 /* CountriesPortraitViewCell.xib */,
			);
			path = CountriesPortraitViewCell;
			sourceTree = "<group>";
		};
/* End PBXGroup section */

/* Begin PBXNativeTarget section */
		CF49AB721E0D7009006A6496 /* Countries */ = {
			isa = PBXNativeTarget;
			buildConfigurationList = CF49AB881E0D7009006A6496 /* Build configuration list for PBXNativeTarget "Countries" */;
			buildPhases = (
				CF49AB6F1E0D7009006A6496 /* Sources */,
				CF49AB701E0D7009006A6496 /* Frameworks */,
				CF49AB711E0D7009006A6496 /* Resources */,
			);
			buildRules = (
			);
			dependencies = (
			);
			name = Countries;
			productName = Countries;
			productReference = CF49AB731E0D7009006A6496 /* Countries.app */;
			productType = "com.apple.product-type.application";
		};
/* End PBXNativeTarget section */

/* Begin PBXProject section */
		CF49AB6B1E0D7009006A6496 /* Project object */ = {
			isa = PBXProject;
			attributes = {
				LastSwiftUpdateCheck = 0810;
				LastUpgradeCheck = 0810;
				ORGANIZATIONNAME = "Vladimir Budniy";
				TargetAttributes = {
					CF49AB721E0D7009006A6496 = {
						CreatedOnToolsVersion = 8.1;
						ProvisioningStyle = Automatic;
					};
				};
			};
			buildConfigurationList = CF49AB6E1E0D7009006A6496 /* Build configuration list for PBXProject "Countries" */;
			compatibilityVersion = "Xcode 3.2";
			developmentRegion = English;
			hasScannedForEncodings = 0;
			knownRegions = (
				en,
				Base,
			);
			mainGroup = CF49AB6A1E0D7009006A6496;
			productRefGroup = CF49AB741E0D7009006A6496 /* Products */;
			projectDirPath = "";
			projectRoot = "";
			targets = (
				CF49AB721E0D7009006A6496 /* Countries */,
			);
		};
/* End PBXProject section */

/* Begin PBXResourcesBuildPhase section */
		CF49AB711E0D7009006A6496 /* Resources */ = {
			isa = PBXResourcesBuildPhase;
			buildActionMask = 2147483647;
			files = (
				CF49AB841E0D7009006A6496 /* LaunchScreen.storyboard in Resources */,
				CF49AB811E0D7009006A6496 /* Assets.xcassets in Resources */,
				CF0843651E13A51C00C1F3A7 /* CountryDetailViewController.xib in Resources */,
				CFBC79081E12706D007C7060 /* CountriesPortraitViewCell.xib in Resources */,
				CF49ABA21E0D7220006A6496 /* CountriesViewController.xib in Resources */,
				CF0843611E13A47300C1F3A7 /* CountriesLandscapeViewCell.xib in Resources */,
			);
			runOnlyForDeploymentPostprocessing = 0;
		};
/* End PBXResourcesBuildPhase section */

/* Begin PBXSourcesBuildPhase section */
		CF49AB6F1E0D7009006A6496 /* Sources */ = {
			isa = PBXSourcesBuildPhase;
			buildActionMask = 2147483647;
			files = (
				CF49AB7F1E0D7009006A6496 /* Countries.xcdatamodeld in Sources */,
				CF49ABB91E0D7D38006A6496 /* ParsingModel.swift in Sources */,
				CF0843601E13A47300C1F3A7 /* CountriesLandscapeViewCell.swift in Sources */,
				CF0843641E13A51C00C1F3A7 /* CountryDetailViewController.swift in Sources */,
				CF0843671E13A54300C1F3A7 /* CountryDetailView.swift in Sources */,
				CF49ABA11E0D7220006A6496 /* CountriesViewController.swift in Sources */,
				CF49ABAF1E0D7647006A6496 /* AlertViewController.swift in Sources */,
				CF49AB771E0D7009006A6496 /* AppDelegate.swift in Sources */,
				CF49ABB01E0D7647006A6496 /* ViewControllerRootView.swift in Sources */,
				CF49ABAB1E0D73EF006A6496 /* Country+CoreDataClass.swift in Sources */,
				CF851EA51E110B680015850E /* DatabaseController.swift in Sources */,
				CF49AB9E1E0D7220006A6496 /* CountriesView.swift in Sources */,
				CFBC79121E128214007C7060 /* Formatter.swift in Sources */,
				CF49ABB31E0D76F8006A6496 /* NetworkModel.swift in Sources */,
				CFBC79071E12706D007C7060 /* CountriesPortraitViewCell.swift in Sources */,
				CF49ABAC1E0D73EF006A6496 /* Country+CoreDataProperties.swift in Sources */,
			);
			runOnlyForDeploymentPostprocessing = 0;
		};
/* End PBXSourcesBuildPhase section */

/* Begin PBXVariantGroup section */
		CF49AB821E0D7009006A6496 /* LaunchScreen.storyboard */ = {
			isa = PBXVariantGroup;
			children = (
				CF49AB831E0D7009006A6496 /* Base */,
			);
			name = LaunchScreen.storyboard;
			sourceTree = "<group>";
		};
/* End PBXVariantGroup section */

/* Begin XCBuildConfiguration section */
		CF49AB861E0D7009006A6496 /* Debug */ = {
			isa = XCBuildConfiguration;
			buildSettings = {
				ALWAYS_SEARCH_USER_PATHS = NO;
				CLANG_ANALYZER_NONNULL = YES;
				CLANG_CXX_LANGUAGE_STANDARD = "gnu++0x";
				CLANG_CXX_LIBRARY = "libc++";
				CLANG_ENABLE_MODULES = YES;
				CLANG_ENABLE_OBJC_ARC = YES;
				CLANG_WARN_BOOL_CONVERSION = YES;
				CLANG_WARN_CONSTANT_CONVERSION = YES;
				CLANG_WARN_DIRECT_OBJC_ISA_USAGE = YES_ERROR;
				CLANG_WARN_DOCUMENTATION_COMMENTS = YES;
				CLANG_WARN_EMPTY_BODY = YES;
				CLANG_WARN_ENUM_CONVERSION = YES;
				CLANG_WARN_INFINITE_RECURSION = YES;
				CLANG_WARN_INT_CONVERSION = YES;
				CLANG_WARN_OBJC_ROOT_CLASS = YES_ERROR;
				CLANG_WARN_SUSPICIOUS_MOVES = YES;
				CLANG_WARN_UNREACHABLE_CODE = YES;
				CLANG_WARN__DUPLICATE_METHOD_MATCH = YES;
				"CODE_SIGN_IDENTITY[sdk=iphoneos*]" = "iPhone Developer";
				COPY_PHASE_STRIP = NO;
				DEBUG_INFORMATION_FORMAT = dwarf;
				ENABLE_STRICT_OBJC_MSGSEND = YES;
				ENABLE_TESTABILITY = YES;
				GCC_C_LANGUAGE_STANDARD = gnu99;
				GCC_DYNAMIC_NO_PIC = NO;
				GCC_NO_COMMON_BLOCKS = YES;
				GCC_OPTIMIZATION_LEVEL = 0;
				GCC_PREPROCESSOR_DEFINITIONS = (
					"DEBUG=1",
					"$(inherited)",
				);
				GCC_WARN_64_TO_32_BIT_CONVERSION = YES;
				GCC_WARN_ABOUT_RETURN_TYPE = YES_ERROR;
				GCC_WARN_UNDECLARED_SELECTOR = YES;
				GCC_WARN_UNINITIALIZED_AUTOS = YES_AGGRESSIVE;
				GCC_WARN_UNUSED_FUNCTION = YES;
				GCC_WARN_UNUSED_VARIABLE = YES;
				IPHONEOS_DEPLOYMENT_TARGET = 10.1;
				MTL_ENABLE_DEBUG_INFO = YES;
				ONLY_ACTIVE_ARCH = YES;
				SDKROOT = iphoneos;
				SWIFT_ACTIVE_COMPILATION_CONDITIONS = DEBUG;
				SWIFT_OPTIMIZATION_LEVEL = "-Onone";
			};
			name = Debug;
		};
		CF49AB871E0D7009006A6496 /* Release */ = {
			isa = XCBuildConfiguration;
			buildSettings = {
				ALWAYS_SEARCH_USER_PATHS = NO;
				CLANG_ANALYZER_NONNULL = YES;
				CLANG_CXX_LANGUAGE_STANDARD = "gnu++0x";
				CLANG_CXX_LIBRARY = "libc++";
				CLANG_ENABLE_MODULES = YES;
				CLANG_ENABLE_OBJC_ARC = YES;
				CLANG_WARN_BOOL_CONVERSION = YES;
				CLANG_WARN_CONSTANT_CONVERSION = YES;
				CLANG_WARN_DIRECT_OBJC_ISA_USAGE = YES_ERROR;
				CLANG_WARN_DOCUMENTATION_COMMENTS = YES;
				CLANG_WARN_EMPTY_BODY = YES;
				CLANG_WARN_ENUM_CONVERSION = YES;
				CLANG_WARN_INFINITE_RECURSION = YES;
				CLANG_WARN_INT_CONVERSION = YES;
				CLANG_WARN_OBJC_ROOT_CLASS = YES_ERROR;
				CLANG_WARN_SUSPICIOUS_MOVES = YES;
				CLANG_WARN_UNREACHABLE_CODE = YES;
				CLANG_WARN__DUPLICATE_METHOD_MATCH = YES;
				"CODE_SIGN_IDENTITY[sdk=iphoneos*]" = "iPhone Developer";
				COPY_PHASE_STRIP = NO;
				DEBUG_INFORMATION_FORMAT = "dwarf-with-dsym";
				ENABLE_NS_ASSERTIONS = NO;
				ENABLE_STRICT_OBJC_MSGSEND = YES;
				GCC_C_LANGUAGE_STANDARD = gnu99;
				GCC_NO_COMMON_BLOCKS = YES;
				GCC_WARN_64_TO_32_BIT_CONVERSION = YES;
				GCC_WARN_ABOUT_RETURN_TYPE = YES_ERROR;
				GCC_WARN_UNDECLARED_SELECTOR = YES;
				GCC_WARN_UNINITIALIZED_AUTOS = YES_AGGRESSIVE;
				GCC_WARN_UNUSED_FUNCTION = YES;
				GCC_WARN_UNUSED_VARIABLE = YES;
				IPHONEOS_DEPLOYMENT_TARGET = 10.1;
				MTL_ENABLE_DEBUG_INFO = NO;
				SDKROOT = iphoneos;
				SWIFT_OPTIMIZATION_LEVEL = "-Owholemodule";
				VALIDATE_PRODUCT = YES;
			};
			name = Release;
		};
		CF49AB891E0D7009006A6496 /* Debug */ = {
			isa = XCBuildConfiguration;
			buildSettings = {
				ASSETCATALOG_COMPILER_APPICON_NAME = AppIcon;
				INFOPLIST_FILE = Countries/Info.plist;
				LD_RUNPATH_SEARCH_PATHS = "$(inherited) @executable_path/Frameworks";
				PRODUCT_BUNDLE_IDENTIFIER = VB.Countries;
				PRODUCT_NAME = "$(TARGET_NAME)";
				SWIFT_VERSION = 3.0;
				TARGETED_DEVICE_FAMILY = 1;
			};
			name = Debug;
		};
		CF49AB8A1E0D7009006A6496 /* Release */ = {
			isa = XCBuildConfiguration;
			buildSettings = {
				ASSETCATALOG_COMPILER_APPICON_NAME = AppIcon;
				INFOPLIST_FILE = Countries/Info.plist;
				LD_RUNPATH_SEARCH_PATHS = "$(inherited) @executable_path/Frameworks";
				PRODUCT_BUNDLE_IDENTIFIER = VB.Countries;
				PRODUCT_NAME = "$(TARGET_NAME)";
				SWIFT_VERSION = 3.0;
				TARGETED_DEVICE_FAMILY = 1;
			};
			name = Release;
		};
/* End XCBuildConfiguration section */

/* Begin XCConfigurationList section */
		CF49AB6E1E0D7009006A6496 /* Build configuration list for PBXProject "Countries" */ = {
			isa = XCConfigurationList;
			buildConfigurations = (
				CF49AB861E0D7009006A6496 /* Debug */,
				CF49AB871E0D7009006A6496 /* Release */,
			);
			defaultConfigurationIsVisible = 0;
			defaultConfigurationName = Release;
		};
		CF49AB881E0D7009006A6496 /* Build configuration list for PBXNativeTarget "Countries" */ = {
			isa = XCConfigurationList;
			buildConfigurations = (
				CF49AB891E0D7009006A6496 /* Debug */,
				CF49AB8A1E0D7009006A6496 /* Release */,
			);
			defaultConfigurationIsVisible = 0;
			defaultConfigurationName = Release;
		};
/* End XCConfigurationList section */

/* Begin XCVersionGroup section */
		CF49AB7D1E0D7009006A6496 /* Countries.xcdatamodeld */ = {
			isa = XCVersionGroup;
			children = (
				CF49AB7E1E0D7009006A6496 /* Countries.xcdatamodel */,
			);
			currentVersion = CF49AB7E1E0D7009006A6496 /* Countries.xcdatamodel */;
			path = Countries.xcdatamodeld;
			sourceTree = "<group>";
			versionGroupType = wrapper.xcdatamodel;
		};
/* End XCVersionGroup section */
	};
	rootObject = CF49AB6B1E0D7009006A6496 /* Project object */;
}
